
Microsoft Visual Studio Solution File, Format Version 12.00
# Visual Studio Version 16
VisualStudioVersion = 16.0.30621.155
MinimumVisualStudioVersion = 10.0.40219.1
Project("{9A19103F-16F7-4668-BE54-9A1E7A4F7556}") = "MyEcommerce-product-api", "MyEcommerce-product-api\MyEcommerce-product-api.csproj", "{808549A7-A757-4D41-B752-A19EFC497FF8}"
EndProject
Project("{9A19103F-16F7-4668-BE54-9A1E7A4F7556}") = "Product-api-unitTests", "Product-api-unitTests\Product-api-unitTests.csproj", "{F795D077-71A9-4434-A496-C792D5877A59}"
EndProject
Global
	GlobalSection(SolutionConfigurationPlatforms) = preSolution
		Debug|Any CPU = Debug|Any CPU
		Release|Any CPU = Release|Any CPU
	EndGlobalSection
	GlobalSection(ProjectConfigurationPlatforms) = postSolution
		{808549A7-A757-4D41-B752-A19EFC497FF8}.Debug|Any CPU.ActiveCfg = Debug|Any CPU
		{808549A7-A757-4D41-B752-A19EFC497FF8}.Debug|Any CPU.Build.0 = Debug|Any CPU
		{808549A7-A757-4D41-B752-A19EFC497FF8}.Release|Any CPU.ActiveCfg = Release|Any CPU
		{808549A7-A757-4D41-B752-A19EFC497FF8}.Release|Any CPU.Build.0 = Release|Any CPU
		{F795D077-71A9-4434-A496-C792D5877A59}.Debug|Any CPU.ActiveCfg = Debug|Any CPU
		{F795D077-71A9-4434-A496-C792D5877A59}.Debug|Any CPU.Build.0 = Debug|Any CPU
		{F795D077-71A9-4434-A496-C792D5877A59}.Release|Any CPU.ActiveCfg = Release|Any CPU
		{F795D077-71A9-4434-A496-C792D5877A59}.Release|Any CPU.Build.0 = Release|Any CPU
	EndGlobalSection
	GlobalSection(SolutionProperties) = preSolution
		HideSolutionNode = FALSE
	EndGlobalSection
	GlobalSection(ExtensibilityGlobals) = postSolution
		SolutionGuid = {D0FDB44B-943C-4B33-AD95-3BEE1E844E97}
	EndGlobalSection
EndGlobal
